// !$*UTF8*$!
{
	archiveVersion = 1;
	classes = {
	};
	objectVersion = 56;
	objects = {

/* Begin PBXBuildFile section */
		AC45A291F2B64C59A39BB5B0 /* FreeClawApp.swift in Sources */ = {isa = PBXBuildFile; fileRef = 6A60A2D4253E49D194340DC9 /* FreeClawApp.swift */; };
		6A613CCDD34F4CCBADA3790B /* Theme.swift in Sources */ = {isa = PBXBuildFile; fileRef = 41C91E95D836491B8E585163 /* Theme.swift */; };
		37C4205B5CA9442D90FAF86A /* ChatModels.swift in Sources */ = {isa = PBXBuildFile; fileRef = 84DD4392D1734B0EBEB81185 /* ChatModels.swift */; };
		013259080871494F9D9A1198 /* ServerConfig.swift in Sources */ = {isa = PBXBuildFile; fileRef = ACA4FECB9BD34600B23396D9 /* ServerConfig.swift */; };
		09683DEF447941C8A0F19535 /* APITypes.swift in Sources */ = {isa = PBXBuildFile; fileRef = 02D4450A6FAD44C79BE53B3A /* APITypes.swift */; };
		20EE69F9BC094FD29FBC4D56 /* FreeClawClient.swift in Sources */ = {isa = PBXBuildFile; fileRef = DF1847CA4ABB4EF9BAB54B07 /* FreeClawClient.swift */; };
		19E6C365626847CE940094F6 /* KeychainStore.swift in Sources */ = {isa = PBXBuildFile; fileRef = 7F57A16EC88B4F97A8796FC3 /* KeychainStore.swift */; };
		63582AF387C44185B20CF782 /* ServerStore.swift in Sources */ = {isa = PBXBuildFile; fileRef = CB6B3C62563D46BEB9E54D6B /* ServerStore.swift */; };
		EA44791B21AF4ED383810A1E /* ChatComponents.swift in Sources */ = {isa = PBXBuildFile; fileRef = 0AA16315452F4499993FD903 /* ChatComponents.swift */; };
		7CE69B9875354CC5950BD61A /* ChatView.swift in Sources */ = {isa = PBXBuildFile; fileRef = D6D254B77D2B48CF8FE04B40 /* ChatView.swift */; };
		0BE3E86686304F049CE2B565 /* CommonComponents.swift in Sources */ = {isa = PBXBuildFile; fileRef = 40A962E23F234AD58D404E63 /* CommonComponents.swift */; };
		5CB586616B104C6B8CEBEBC6 /* ConnectView.swift in Sources */ = {isa = PBXBuildFile; fileRef = 7B094D523A10428491526953 /* ConnectView.swift */; };
		C5E8A0AF09014A7FB3A728DE /* ConversationsListView.swift in Sources */ = {isa = PBXBuildFile; fileRef = FB6BE84B6553457184AB9E7E /* ConversationsListView.swift */; };
		CC90E55639454DDF8253B049 /* MarkdownText.swift in Sources */ = {isa = PBXBuildFile; fileRef = E9D617949BCA442F8E99EA3F /* MarkdownText.swift */; };
		8D808BA43849420AB57BA5B9 /* ReauthView.swift in Sources */ = {isa = PBXBuildFile; fileRef = F5DDE651549C4D12B61D7D0C /* ReauthView.swift */; };
		21E5C9294E15425BA59601E1 /* RootView.swift in Sources */ = {isa = PBXBuildFile; fileRef = C4888D4060704BFEAD2F3F8C /* RootView.swift */; };
		62E0A2022DD64B5A90180124 /* SettingsView.swift in Sources */ = {isa = PBXBuildFile; fileRef = 0C40C4122EE74C848CF2A3F8 /* SettingsView.swift */; };
		B8E754F31FA64B74912C5A09 /* UsersListView.swift in Sources */ = {isa = PBXBuildFile; fileRef = 9CD509AA6830478E848D88E0 /* UsersListView.swift */; };
		6F5C5507484E4F228E28FF10 /* Assets.xcassets in Resources */ = {isa = PBXBuildFile; fileRef = 6A547C77E8624CD08C4BDFC0 /* Assets.xcassets */; };
/* End PBXBuildFile section */

/* Begin PBXFileReference section */
		6A60A2D4253E49D194340DC9 /* FreeClawApp.swift */ = {isa = PBXFileReference; lastKnownFileType = sourcecode.swift; path = FreeClawApp.swift; sourceTree = "<group>"; };
		41C91E95D836491B8E585163 /* Theme.swift */ = {isa = PBXFileReference; lastKnownFileType = sourcecode.swift; path = Theme.swift; sourceTree = "<group>"; };
		84DD4392D1734B0EBEB81185 /* ChatModels.swift */ = {isa = PBXFileReference; lastKnownFileType = sourcecode.swift; path = ChatModels.swift; sourceTree = "<group>"; };
		ACA4FECB9BD34600B23396D9 /* ServerConfig.swift */ = {isa = PBXFileReference; lastKnownFileType = sourcecode.swift; path = ServerConfig.swift; sourceTree = "<group>"; };
		02D4450A6FAD44C79BE53B3A /* APITypes.swift */ = {isa = PBXFileReference; lastKnownFileType = sourcecode.swift; path = APITypes.swift; sourceTree = "<group>"; };
		DF1847CA4ABB4EF9BAB54B07 /* FreeClawClient.swift */ = {isa = PBXFileReference; lastKnownFileType = sourcecode.swift; path = FreeClawClient.swift; sourceTree = "<group>"; };
		7F57A16EC88B4F97A8796FC3 /* KeychainStore.swift */ = {isa = PBXFileReference; lastKnownFileType = sourcecode.swift; path = KeychainStore.swift; sourceTree = "<group>"; };
		CB6B3C62563D46BEB9E54D6B /* ServerStore.swift */ = {isa = PBXFileReference; lastKnownFileType = sourcecode.swift; path = ServerStore.swift; sourceTree = "<group>"; };
		0AA16315452F4499993FD903 /* ChatComponents.swift */ = {isa = PBXFileReference; lastKnownFileType = sourcecode.swift; path = ChatComponents.swift; sourceTree = "<group>"; };
		D6D254B77D2B48CF8FE04B40 /* ChatView.swift */ = {isa = PBXFileReference; lastKnownFileType = sourcecode.swift; path = ChatView.swift; sourceTree = "<group>"; };
		40A962E23F234AD58D404E63 /* CommonComponents.swift */ = {isa = PBXFileReference; lastKnownFileType = sourcecode.swift; path = CommonComponents.swift; sourceTree = "<group>"; };
		7B094D523A10428491526953 /* ConnectView.swift */ = {isa = PBXFileReference; lastKnownFileType = sourcecode.swift; path = ConnectView.swift; sourceTree = "<group>"; };
		FB6BE84B6553457184AB9E7E /* ConversationsListView.swift */ = {isa = PBXFileReference; lastKnownFileType = sourcecode.swift; path = ConversationsListView.swift; sourceTree = "<group>"; };
		E9D617949BCA442F8E99EA3F /* MarkdownText.swift */ = {isa = PBXFileReference; lastKnownFileType = sourcecode.swift; path = MarkdownText.swift; sourceTree = "<group>"; };
		F5DDE651549C4D12B61D7D0C /* ReauthView.swift */ = {isa = PBXFileReference; lastKnownFileType = sourcecode.swift; path = ReauthView.swift; sourceTree = "<group>"; };
		C4888D4060704BFEAD2F3F8C /* RootView.swift */ = {isa = PBXFileReference; lastKnownFileType = sourcecode.swift; path = RootView.swift; sourceTree = "<group>"; };
		0C40C4122EE74C848CF2A3F8 /* SettingsView.swift */ = {isa = PBXFileReference; lastKnownFileType = sourcecode.swift; path = SettingsView.swift; sourceTree = "<group>"; };
		9CD509AA6830478E848D88E0 /* UsersListView.swift */ = {isa = PBXFileReference; lastKnownFileType = sourcecode.swift; path = UsersListView.swift; sourceTree = "<group>"; };
		6A547C77E8624CD08C4BDFC0 /* Assets.xcassets */ = {isa = PBXFileReference; lastKnownFileType = folder.assetcatalog; path = Assets.xcassets; sourceTree = "<group>"; };
		08F33E7F727E4316BC32BF69 /* Info.plist */ = {isa = PBXFileReference; lastKnownFileType = text.plist.xml; path = Info.plist; sourceTree = "<group>"; };
		0BCFD6E182054FC58096239C /* FreeClaw.app */ = {isa = PBXFileReference; explicitFileType = wrapper.application; includeInIndex = 0; path = FreeClaw.app; sourceTree = BUILT_PRODUCTS_DIR; };
/* End PBXFileReference section */

/* Begin PBXFrameworksBuildPhase section */
		A82D46D3F6FD467D81749B1E /* Frameworks */ = {
			isa = PBXFrameworksBuildPhase;
			buildActionMask = 2147483647;
			files = (
			);
			runOnlyForDeploymentPostprocessing = 0;
		};
/* End PBXFrameworksBuildPhase section */

/* Begin PBXGroup section */
		6954CC6E4E0A404385429930 /* Models */ = {
			isa = PBXGroup;
			children = (
				84DD4392D1734B0EBEB81185 /* ChatModels.swift */,
				ACA4FECB9BD34600B23396D9 /* ServerConfig.swift */,
			);
			path = Models;
			sourceTree = "<group>";
		};
		9805F2C74B014DCABF7AA929 /* Networking */ = {
			isa = PBXGroup;
			children = (
				02D4450A6FAD44C79BE53B3A /* APITypes.swift */,
				DF1847CA4ABB4EF9BAB54B07 /* FreeClawClient.swift */,
				7F57A16EC88B4F97A8796FC3 /* KeychainStore.swift */,
				CB6B3C62563D46BEB9E54D6B /* ServerStore.swift */,
			);
			path = Networking;
			sourceTree = "<group>";
		};
		611F54216A33457085ADFF97 /* Views */ = {
			isa = PBXGroup;
			children = (
				0AA16315452F4499993FD903 /* ChatComponents.swift */,
				D6D254B77D2B48CF8FE04B40 /* ChatView.swift */,
				40A962E23F234AD58D404E63 /* CommonComponents.swift */,
				7B094D523A10428491526953 /* ConnectView.swift */,
				FB6BE84B6553457184AB9E7E /* ConversationsListView.swift */,
				E9D617949BCA442F8E99EA3F /* MarkdownText.swift */,
				F5DDE651549C4D12B61D7D0C /* ReauthView.swift */,
				C4888D4060704BFEAD2F3F8C /* RootView.swift */,
				0C40C4122EE74C848CF2A3F8 /* SettingsView.swift */,
				9CD509AA6830478E848D88E0 /* UsersListView.swift */,
			);
			path = Views;
			sourceTree = "<group>";
		};
		AA3794079CCB44C288A46766 /* FreeClaw */ = {
			isa = PBXGroup;
			children = (
				6A60A2D4253E49D194340DC9 /* FreeClawApp.swift */,
				41C91E95D836491B8E585163 /* Theme.swift */,
				6954CC6E4E0A404385429930 /* Models */,
				9805F2C74B014DCABF7AA929 /* Networking */,
				611F54216A33457085ADFF97 /* Views */,
				6A547C77E8624CD08C4BDFC0 /* Assets.xcassets */,
				08F33E7F727E4316BC32BF69 /* Info.plist */,
			);
			path = FreeClaw;
			sourceTree = "<group>";
		};
		B9091CB0BCFA4ADF927E2C02 /* Products */ = {
			isa = PBXGroup;
			children = (
				0BCFD6E182054FC58096239C /* FreeClaw.app */,
			);
			name = Products;
			sourceTree = "<group>";
		};
		4BA3063B58C54829A08598EB = {
			isa = PBXGroup;
			children = (
				AA3794079CCB44C288A46766 /* FreeClaw */,
				B9091CB0BCFA4ADF927E2C02 /* Products */,
			);
			sourceTree = "<group>";
		};
/* End PBXGroup section */

/* Begin PBXNativeTarget section */
		5DB11232251E41AA925EBA55 /* FreeClaw */ = {
			isa = PBXNativeTarget;
			buildConfigurationList = 5DAAB636ACEB43D0BBAF760F /* Build configuration list for PBXNativeTarget "FreeClaw" */;
			buildPhases = (
				86B85DE6899D49BBBBA0E011 /* Sources */,
				A82D46D3F6FD467D81749B1E /* Frameworks */,
				55054FDE6FDE4CEBB1BE9CAF /* Resources */,
			);
			buildRules = (
			);
			dependencies = (
			);
			name = FreeClaw;
			productName = FreeClaw;
			productReference = 0BCFD6E182054FC58096239C /* FreeClaw.app */;
			productType = "com.apple.product-type.application";
		};
/* End PBXNativeTarget section */

/* Begin PBXProject section */
		BE49F6053EE045628397AD4B /* Project object */ = {
			isa = PBXProject;
			attributes = {
				BuildIndependentTargetsInParallel = 1;
				LastSwiftUpdateCheck = 1500;
				LastUpgradeCheck = 1500;
				TargetAttributes = {
					5DB11232251E41AA925EBA55 = {
						CreatedOnToolsVersion = 15.0;
					};
				};
			};
			buildConfigurationList = 4A4740F91D2E4C01968082E8 /* Build configuration list for PBXProject "FreeClaw" */;
			compatibilityVersion = "Xcode 14.0";
			developmentRegion = en;
			hasScannedForEncodings = 0;
			knownRegions = (
				en,
				Base,
			);
			mainGroup = 4BA3063B58C54829A08598EB;
			productRefGroup = B9091CB0BCFA4ADF927E2C02 /* Products */;
			projectDirPath = "";
			projectRoot = "";
			targets = (
				5DB11232251E41AA925EBA55 /* FreeClaw */,
			);
		};
/* End PBXProject section */

/* Begin PBXResourcesBuildPhase section */
		55054FDE6FDE4CEBB1BE9CAF /* Resources */ = {
			isa = PBXResourcesBuildPhase;
			buildActionMask = 2147483647;
			files = (
				6F5C5507484E4F228E28FF10 /* Assets.xcassets in Resources */,
			);
			runOnlyForDeploymentPostprocessing = 0;
		};
/* End PBXResourcesBuildPhase section */

/* Begin PBXSourcesBuildPhase section */
		86B85DE6899D49BBBBA0E011 /* Sources */ = {
			isa = PBXSourcesBuildPhase;
			buildActionMask = 2147483647;
			files = (
				AC45A291F2B64C59A39BB5B0 /* FreeClawApp.swift in Sources */,
				6A613CCDD34F4CCBADA3790B /* Theme.swift in Sources */,
				37C4205B5CA9442D90FAF86A /* ChatModels.swift in Sources */,
				013259080871494F9D9A1198 /* ServerConfig.swift in Sources */,
				09683DEF447941C8A0F19535 /* APITypes.swift in Sources */,
				20EE69F9BC094FD29FBC4D56 /* FreeClawClient.swift in Sources */,
				19E6C365626847CE940094F6 /* KeychainStore.swift in Sources */,
				63582AF387C44185B20CF782 /* ServerStore.swift in Sources */,
				EA44791B21AF4ED383810A1E /* ChatComponents.swift in Sources */,
				7CE69B9875354CC5950BD61A /* ChatView.swift in Sources */,
				0BE3E86686304F049CE2B565 /* CommonComponents.swift in Sources */,
				5CB586616B104C6B8CEBEBC6 /* ConnectView.swift in Sources */,
				C5E8A0AF09014A7FB3A728DE /* ConversationsListView.swift in Sources */,
				CC90E55639454DDF8253B049 /* MarkdownText.swift in Sources */,
				8D808BA43849420AB57BA5B9 /* ReauthView.swift in Sources */,
				21E5C9294E15425BA59601E1 /* RootView.swift in Sources */,
				62E0A2022DD64B5A90180124 /* SettingsView.swift in Sources */,
				B8E754F31FA64B74912C5A09 /* UsersListView.swift in Sources */,
			);
			runOnlyForDeploymentPostprocessing = 0;
		};
/* End PBXSourcesBuildPhase section */

/* Begin XCBuildConfiguration section */
		AA4EAFF83BBE43A7B2A01546 /* Debug */ = {
			isa = XCBuildConfiguration;
			buildSettings = {
				ALWAYS_SEARCH_USER_PATHS = NO;
				CLANG_ANALYZER_NONNULL = YES;
				CLANG_ENABLE_MODULES = YES;
				CLANG_ENABLE_OBJC_ARC = YES;
				CLANG_WARN_DOCUMENTATION_COMMENTS = YES;
				COPY_PHASE_STRIP = NO;
				DEBUG_INFORMATION_FORMAT = dwarf;
				ENABLE_STRICT_OBJC_MSGSEND = YES;
				ENABLE_TESTABILITY = YES;
				GCC_C_LANGUAGE_STANDARD = gnu11;
				GCC_DYNAMIC_NO_PIC = NO;
				GCC_NO_COMMON_BLOCKS = YES;
				GCC_OPTIMIZATION_LEVEL = 0;
				GCC_PREPROCESSOR_DEFINITIONS = (
					"DEBUG=1",
					"$(inherited)",
				);
				IPHONEOS_DEPLOYMENT_TARGET = 16.0;
				MTL_ENABLE_DEBUG_INFO = INCLUDE_SOURCE;
				MTL_FAST_MATH = YES;
				ONLY_ACTIVE_ARCH = YES;
				SDKROOT = iphoneos;
				SWIFT_ACTIVE_COMPILATION_CONDITIONS = DEBUG;
				SWIFT_OPTIMIZATION_LEVEL = "-Onone";
				SWIFT_VERSION = 5.0;
			};
			name = Debug;
		};
		C50F4C63C2314B1FBDD23626 /* Release */ = {
			isa = XCBuildConfiguration;
			buildSettings = {
				ALWAYS_SEARCH_USER_PATHS = NO;
				CLANG_ANALYZER_NONNULL = YES;
				CLANG_ENABLE_MODULES = YES;
				CLANG_ENABLE_OBJC_ARC = YES;
				CLANG_WARN_DOCUMENTATION_COMMENTS = YES;
				COPY_PHASE_STRIP = NO;
				DEBUG_INFORMATION_FORMAT = "dwarf-with-dsym";
				ENABLE_NS_ASSERTIONS = NO;
				ENABLE_STRICT_OBJC_MSGSEND = YES;
				GCC_C_LANGUAGE_STANDARD = gnu11;
				GCC_NO_COMMON_BLOCKS = YES;
				IPHONEOS_DEPLOYMENT_TARGET = 16.0;
				MTL_ENABLE_DEBUG_INFO = NO;
				MTL_FAST_MATH = YES;
				SDKROOT = iphoneos;
				SWIFT_COMPILATION_MODE = wholemodule;
				SWIFT_OPTIMIZATION_LEVEL = "-O";
				SWIFT_VERSION = 5.0;
				VALIDATE_PRODUCT = YES;
			};
			name = Release;
		};
		CE9B693795254D6CADB03B6A /* Debug */ = {
			isa = XCBuildConfiguration;
			buildSettings = {
				ASSETCATALOG_COMPILER_GLOBAL_ACCENT_COLOR_NAME = AccentColor;
				CODE_SIGN_STYLE = Automatic;
				CURRENT_PROJECT_VERSION = 1;
				ENABLE_PREVIEWS = YES;
				GENERATE_INFOPLIST_FILE = NO;
				INFOPLIST_FILE = FreeClaw/Info.plist;
				INFOPLIST_KEY_UIApplicationSceneManifest_Generation = YES;
				IPHONEOS_DEPLOYMENT_TARGET = 16.0;
				LD_RUNPATH_SEARCH_PATHS = (
					"$(inherited)",
					"@executable_path/Frameworks",
				);
				MARKETING_VERSION = 1.0;
				PRODUCT_BUNDLE_IDENTIFIER = dev.eedeb.freeclaw;
				PRODUCT_NAME = "$(TARGET_NAME)";
				SWIFT_EMIT_LOC_STRINGS = YES;
				SWIFT_VERSION = 5.0;
				TARGETED_DEVICE_FAMILY = "1,2";
			};
			name = Debug;
		};
		CAFF4694A97B448B9F80908C /* Release */ = {
			isa = XCBuildConfiguration;
			buildSettings = {
				ASSETCATALOG_COMPILER_GLOBAL_ACCENT_COLOR_NAME = AccentColor;
				CODE_SIGN_STYLE = Automatic;
				CURRENT_PROJECT_VERSION = 1;
				ENABLE_PREVIEWS = YES;
				GENERATE_INFOPLIST_FILE = NO;
				INFOPLIST_FILE = FreeClaw/Info.plist;
				INFOPLIST_KEY_UIApplicationSceneManifest_Generation = YES;
				IPHONEOS_DEPLOYMENT_TARGET = 16.0;
				LD_RUNPATH_SEARCH_PATHS = (
					"$(inherited)",
					"@executable_path/Frameworks",
				);
				MARKETING_VERSION = 1.0;
				PRODUCT_BUNDLE_IDENTIFIER = dev.eedeb.freeclaw;
				PRODUCT_NAME = "$(TARGET_NAME)";
				SWIFT_EMIT_LOC_STRINGS = YES;
				SWIFT_VERSION = 5.0;
				TARGETED_DEVICE_FAMILY = "1,2";
			};
			name = Release;
		};
/* End XCBuildConfiguration section */

/* Begin XCConfigurationList section */
		4A4740F91D2E4C01968082E8 /* Build configuration list for PBXProject "FreeClaw" */ = {
			isa = XCConfigurationList;
			buildConfigurations = (
				AA4EAFF83BBE43A7B2A01546 /* Debug */,
				C50F4C63C2314B1FBDD23626 /* Release */,
			);
			defaultConfigurationIsVisible = 0;
			defaultConfigurationName = Release;
		};
		5DAAB636ACEB43D0BBAF760F /* Build configuration list for PBXNativeTarget "FreeClaw" */ = {
			isa = XCConfigurationList;
			buildConfigurations = (
				CE9B693795254D6CADB03B6A /* Debug */,
				CAFF4694A97B448B9F80908C /* Release */,
			);
			defaultConfigurationIsVisible = 0;
			defaultConfigurationName = Release;
		};
/* End XCConfigurationList section */
	};
	rootObject = BE49F6053EE045628397AD4B /* Project object */;
}
