// !$*UTF8*$!
{
	archiveVersion = 1;
	classes = {
	};
	objectVersion = 56;
	objects = {

/* Begin PBXBuildFile section */
		71DFC3B9EB324966B91CA164 /* FreeClawApp.swift in Sources */ = {isa = PBXBuildFile; fileRef = 3257B5A1104F452581BA69E1 /* FreeClawApp.swift */; };
		541BF6943B6E4F6EAB2ACC26 /* Theme.swift in Sources */ = {isa = PBXBuildFile; fileRef = FAB469CC19734893A0ECADD8 /* Theme.swift */; };
		790681BDB52C4AF8A34BDCC6 /* ChatModels.swift in Sources */ = {isa = PBXBuildFile; fileRef = 7B1107D7F6334FFBBD51A575 /* ChatModels.swift */; };
		34C1198D044540F18A8D8FEA /* ServerConfig.swift in Sources */ = {isa = PBXBuildFile; fileRef = D041B2DAD0CD48ECB1AC332C /* ServerConfig.swift */; };
		48BDD620E1C4460388020076 /* APITypes.swift in Sources */ = {isa = PBXBuildFile; fileRef = 2AE8A90BC7304CBEBF1045E7 /* APITypes.swift */; };
		C1ADBD20168647949F474FBC /* FreeClawClient.swift in Sources */ = {isa = PBXBuildFile; fileRef = 75A8643194B54F42B80288B4 /* FreeClawClient.swift */; };
		B23BEC1BADB24C33A8EA1AD5 /* KeychainStore.swift in Sources */ = {isa = PBXBuildFile; fileRef = 16BB3F6085904FB2B05D3D72 /* KeychainStore.swift */; };
		4B2C869F6C5943E0980C5BF0 /* ServerStore.swift in Sources */ = {isa = PBXBuildFile; fileRef = F7DC9A6D0796485C94B3D76A /* ServerStore.swift */; };
		BBA37DDE50E84DC29FB223D4 /* SpeechCoordinator.swift in Sources */ = {isa = PBXBuildFile; fileRef = 5C571D92B6F04A8C999D6816 /* SpeechCoordinator.swift */; };
		D792A51B66EA4A84BE8D2031 /* ChatComponents.swift in Sources */ = {isa = PBXBuildFile; fileRef = 4B3B2754AACC47DD978C4792 /* ChatComponents.swift */; };
		C8071DD968DA437B89EAFB48 /* ChatView.swift in Sources */ = {isa = PBXBuildFile; fileRef = D89265BA96ED4F969BE1AF4A /* ChatView.swift */; };
		FA96F4B738F54EB5B946F812 /* CommonComponents.swift in Sources */ = {isa = PBXBuildFile; fileRef = 09D631B1F3D14173831D6D79 /* CommonComponents.swift */; };
		E27F3AB3AA514B768E70B01B /* ConnectView.swift in Sources */ = {isa = PBXBuildFile; fileRef = 4A4B45CC76AF4943A85A99B9 /* ConnectView.swift */; };
		7BB6D11B58C94DD594B08534 /* ConversationsListView.swift in Sources */ = {isa = PBXBuildFile; fileRef = B0FFB7F59EF946738D7095F2 /* ConversationsListView.swift */; };
		A1DE9B9BDDDD40A88B9951A2 /* MarkdownText.swift in Sources */ = {isa = PBXBuildFile; fileRef = CAF31EE7E7414D54A27E8F5B /* MarkdownText.swift */; };
		F56BB04D0B6047608B209432 /* ReauthView.swift in Sources */ = {isa = PBXBuildFile; fileRef = A2B49BFA03E8427DA8B829DE /* ReauthView.swift */; };
		78081D4D53BC4917BB8B72D8 /* RootView.swift in Sources */ = {isa = PBXBuildFile; fileRef = 3425DD1CDDDE462E9C2B9DA3 /* RootView.swift */; };
		2E7872EF3A4A49839875F187 /* SettingsView.swift in Sources */ = {isa = PBXBuildFile; fileRef = 2DADFEE3B8544C4C9371469A /* SettingsView.swift */; };
		76CCD424B2644BEE9E39A4D8 /* UsersListView.swift in Sources */ = {isa = PBXBuildFile; fileRef = F34CFDC0816B4305BF6EDB66 /* UsersListView.swift */; };
		7FEA9B9EBF8046D29ECC74B3 /* Assets.xcassets in Resources */ = {isa = PBXBuildFile; fileRef = 3632DEC829A5497CA6DEF91E /* Assets.xcassets */; };
/* End PBXBuildFile section */

/* Begin PBXFileReference section */
		3257B5A1104F452581BA69E1 /* FreeClawApp.swift */ = {isa = PBXFileReference; lastKnownFileType = sourcecode.swift; path = FreeClawApp.swift; sourceTree = "<group>"; };
		FAB469CC19734893A0ECADD8 /* Theme.swift */ = {isa = PBXFileReference; lastKnownFileType = sourcecode.swift; path = Theme.swift; sourceTree = "<group>"; };
		7B1107D7F6334FFBBD51A575 /* ChatModels.swift */ = {isa = PBXFileReference; lastKnownFileType = sourcecode.swift; path = ChatModels.swift; sourceTree = "<group>"; };
		D041B2DAD0CD48ECB1AC332C /* ServerConfig.swift */ = {isa = PBXFileReference; lastKnownFileType = sourcecode.swift; path = ServerConfig.swift; sourceTree = "<group>"; };
		2AE8A90BC7304CBEBF1045E7 /* APITypes.swift */ = {isa = PBXFileReference; lastKnownFileType = sourcecode.swift; path = APITypes.swift; sourceTree = "<group>"; };
		75A8643194B54F42B80288B4 /* FreeClawClient.swift */ = {isa = PBXFileReference; lastKnownFileType = sourcecode.swift; path = FreeClawClient.swift; sourceTree = "<group>"; };
		16BB3F6085904FB2B05D3D72 /* KeychainStore.swift */ = {isa = PBXFileReference; lastKnownFileType = sourcecode.swift; path = KeychainStore.swift; sourceTree = "<group>"; };
		F7DC9A6D0796485C94B3D76A /* ServerStore.swift */ = {isa = PBXFileReference; lastKnownFileType = sourcecode.swift; path = ServerStore.swift; sourceTree = "<group>"; };
		5C571D92B6F04A8C999D6816 /* SpeechCoordinator.swift */ = {isa = PBXFileReference; lastKnownFileType = sourcecode.swift; path = SpeechCoordinator.swift; sourceTree = "<group>"; };
		4B3B2754AACC47DD978C4792 /* ChatComponents.swift */ = {isa = PBXFileReference; lastKnownFileType = sourcecode.swift; path = ChatComponents.swift; sourceTree = "<group>"; };
		D89265BA96ED4F969BE1AF4A /* ChatView.swift */ = {isa = PBXFileReference; lastKnownFileType = sourcecode.swift; path = ChatView.swift; sourceTree = "<group>"; };
		09D631B1F3D14173831D6D79 /* CommonComponents.swift */ = {isa = PBXFileReference; lastKnownFileType = sourcecode.swift; path = CommonComponents.swift; sourceTree = "<group>"; };
		4A4B45CC76AF4943A85A99B9 /* ConnectView.swift */ = {isa = PBXFileReference; lastKnownFileType = sourcecode.swift; path = ConnectView.swift; sourceTree = "<group>"; };
		B0FFB7F59EF946738D7095F2 /* ConversationsListView.swift */ = {isa = PBXFileReference; lastKnownFileType = sourcecode.swift; path = ConversationsListView.swift; sourceTree = "<group>"; };
		CAF31EE7E7414D54A27E8F5B /* MarkdownText.swift */ = {isa = PBXFileReference; lastKnownFileType = sourcecode.swift; path = MarkdownText.swift; sourceTree = "<group>"; };
		A2B49BFA03E8427DA8B829DE /* ReauthView.swift */ = {isa = PBXFileReference; lastKnownFileType = sourcecode.swift; path = ReauthView.swift; sourceTree = "<group>"; };
		3425DD1CDDDE462E9C2B9DA3 /* RootView.swift */ = {isa = PBXFileReference; lastKnownFileType = sourcecode.swift; path = RootView.swift; sourceTree = "<group>"; };
		2DADFEE3B8544C4C9371469A /* SettingsView.swift */ = {isa = PBXFileReference; lastKnownFileType = sourcecode.swift; path = SettingsView.swift; sourceTree = "<group>"; };
		F34CFDC0816B4305BF6EDB66 /* UsersListView.swift */ = {isa = PBXFileReference; lastKnownFileType = sourcecode.swift; path = UsersListView.swift; sourceTree = "<group>"; };
		3632DEC829A5497CA6DEF91E /* Assets.xcassets */ = {isa = PBXFileReference; lastKnownFileType = folder.assetcatalog; path = Assets.xcassets; sourceTree = "<group>"; };
		FEBADB9C73B144679376FBFB /* Info.plist */ = {isa = PBXFileReference; lastKnownFileType = text.plist.xml; path = Info.plist; sourceTree = "<group>"; };
		C788AB8899534E79BC762200 /* FreeClaw.app */ = {isa = PBXFileReference; explicitFileType = wrapper.application; includeInIndex = 0; path = FreeClaw.app; sourceTree = BUILT_PRODUCTS_DIR; };
/* End PBXFileReference section */

/* Begin PBXFrameworksBuildPhase section */
		952D3FB7C8374D17AF325443 /* Frameworks */ = {
			isa = PBXFrameworksBuildPhase;
			buildActionMask = 2147483647;
			files = (
			);
			runOnlyForDeploymentPostprocessing = 0;
		};
/* End PBXFrameworksBuildPhase section */

/* Begin PBXGroup section */
		C76C026EEB664233B8B37088 /* Models */ = {
			isa = PBXGroup;
			children = (
				7B1107D7F6334FFBBD51A575 /* ChatModels.swift */,
				D041B2DAD0CD48ECB1AC332C /* ServerConfig.swift */,
			);
			path = Models;
			sourceTree = "<group>";
		};
		7E69F1BA3CA24AAD9C25C1E9 /* Networking */ = {
			isa = PBXGroup;
			children = (
				2AE8A90BC7304CBEBF1045E7 /* APITypes.swift */,
				75A8643194B54F42B80288B4 /* FreeClawClient.swift */,
				16BB3F6085904FB2B05D3D72 /* KeychainStore.swift */,
				F7DC9A6D0796485C94B3D76A /* ServerStore.swift */,
			);
			path = Networking;
			sourceTree = "<group>";
		};
		24EAB190AC7F411E92C6DB0C /* Speech */ = {
			isa = PBXGroup;
			children = (
				5C571D92B6F04A8C999D6816 /* SpeechCoordinator.swift */,
			);
			path = Speech;
			sourceTree = "<group>";
		};
		ED07E3A7810341DF865B472A /* Views */ = {
			isa = PBXGroup;
			children = (
				4B3B2754AACC47DD978C4792 /* ChatComponents.swift */,
				D89265BA96ED4F969BE1AF4A /* ChatView.swift */,
				09D631B1F3D14173831D6D79 /* CommonComponents.swift */,
				4A4B45CC76AF4943A85A99B9 /* ConnectView.swift */,
				B0FFB7F59EF946738D7095F2 /* ConversationsListView.swift */,
				CAF31EE7E7414D54A27E8F5B /* MarkdownText.swift */,
				A2B49BFA03E8427DA8B829DE /* ReauthView.swift */,
				3425DD1CDDDE462E9C2B9DA3 /* RootView.swift */,
				2DADFEE3B8544C4C9371469A /* SettingsView.swift */,
				F34CFDC0816B4305BF6EDB66 /* UsersListView.swift */,
			);
			path = Views;
			sourceTree = "<group>";
		};
		D5C2FD21E20F4FE09E390A19 /* FreeClaw */ = {
			isa = PBXGroup;
			children = (
				3257B5A1104F452581BA69E1 /* FreeClawApp.swift */,
				FAB469CC19734893A0ECADD8 /* Theme.swift */,
				C76C026EEB664233B8B37088 /* Models */,
				7E69F1BA3CA24AAD9C25C1E9 /* Networking */,
				24EAB190AC7F411E92C6DB0C /* Speech */,
				ED07E3A7810341DF865B472A /* Views */,
				3632DEC829A5497CA6DEF91E /* Assets.xcassets */,
				FEBADB9C73B144679376FBFB /* Info.plist */,
			);
			path = FreeClaw;
			sourceTree = "<group>";
		};
		FA33A9F3906A47B98E0ABB89 /* Products */ = {
			isa = PBXGroup;
			children = (
				C788AB8899534E79BC762200 /* FreeClaw.app */,
			);
			name = Products;
			sourceTree = "<group>";
		};
		84686F0D05164165BD1A8AF7 = {
			isa = PBXGroup;
			children = (
				D5C2FD21E20F4FE09E390A19 /* FreeClaw */,
				FA33A9F3906A47B98E0ABB89 /* Products */,
			);
			sourceTree = "<group>";
		};
/* End PBXGroup section */

/* Begin PBXNativeTarget section */
		200DAD1DA56541D8AD721478 /* FreeClaw */ = {
			isa = PBXNativeTarget;
			buildConfigurationList = 0DE1CDBB6B6C4A22A712C3AC /* Build configuration list for PBXNativeTarget "FreeClaw" */;
			buildPhases = (
				57C6B9A7D46C42C88CE573B6 /* Sources */,
				952D3FB7C8374D17AF325443 /* Frameworks */,
				9246675DB4C3455CAB1BB160 /* Resources */,
			);
			buildRules = (
			);
			dependencies = (
			);
			name = FreeClaw;
			productName = FreeClaw;
			productReference = C788AB8899534E79BC762200 /* FreeClaw.app */;
			productType = "com.apple.product-type.application";
		};
/* End PBXNativeTarget section */

/* Begin PBXProject section */
		CBBD187F49C54E5B97E9542C /* Project object */ = {
			isa = PBXProject;
			attributes = {
				BuildIndependentTargetsInParallel = 1;
				LastSwiftUpdateCheck = 1500;
				LastUpgradeCheck = 1500;
				TargetAttributes = {
					200DAD1DA56541D8AD721478 = {
						CreatedOnToolsVersion = 15.0;
					};
				};
			};
			buildConfigurationList = 0D071603BBF74CED99467FAD /* Build configuration list for PBXProject "FreeClaw" */;
			compatibilityVersion = "Xcode 14.0";
			developmentRegion = en;
			hasScannedForEncodings = 0;
			knownRegions = (
				en,
				Base,
			);
			mainGroup = 84686F0D05164165BD1A8AF7;
			productRefGroup = FA33A9F3906A47B98E0ABB89 /* Products */;
			projectDirPath = "";
			projectRoot = "";
			targets = (
				200DAD1DA56541D8AD721478 /* FreeClaw */,
			);
		};
/* End PBXProject section */

/* Begin PBXResourcesBuildPhase section */
		9246675DB4C3455CAB1BB160 /* Resources */ = {
			isa = PBXResourcesBuildPhase;
			buildActionMask = 2147483647;
			files = (
				7FEA9B9EBF8046D29ECC74B3 /* Assets.xcassets in Resources */,
			);
			runOnlyForDeploymentPostprocessing = 0;
		};
/* End PBXResourcesBuildPhase section */

/* Begin PBXSourcesBuildPhase section */
		57C6B9A7D46C42C88CE573B6 /* Sources */ = {
			isa = PBXSourcesBuildPhase;
			buildActionMask = 2147483647;
			files = (
				71DFC3B9EB324966B91CA164 /* FreeClawApp.swift in Sources */,
				541BF6943B6E4F6EAB2ACC26 /* Theme.swift in Sources */,
				790681BDB52C4AF8A34BDCC6 /* ChatModels.swift in Sources */,
				34C1198D044540F18A8D8FEA /* ServerConfig.swift in Sources */,
				48BDD620E1C4460388020076 /* APITypes.swift in Sources */,
				C1ADBD20168647949F474FBC /* FreeClawClient.swift in Sources */,
				B23BEC1BADB24C33A8EA1AD5 /* KeychainStore.swift in Sources */,
				4B2C869F6C5943E0980C5BF0 /* ServerStore.swift in Sources */,
				BBA37DDE50E84DC29FB223D4 /* SpeechCoordinator.swift in Sources */,
				D792A51B66EA4A84BE8D2031 /* ChatComponents.swift in Sources */,
				C8071DD968DA437B89EAFB48 /* ChatView.swift in Sources */,
				FA96F4B738F54EB5B946F812 /* CommonComponents.swift in Sources */,
				E27F3AB3AA514B768E70B01B /* ConnectView.swift in Sources */,
				7BB6D11B58C94DD594B08534 /* ConversationsListView.swift in Sources */,
				A1DE9B9BDDDD40A88B9951A2 /* MarkdownText.swift in Sources */,
				F56BB04D0B6047608B209432 /* ReauthView.swift in Sources */,
				78081D4D53BC4917BB8B72D8 /* RootView.swift in Sources */,
				2E7872EF3A4A49839875F187 /* SettingsView.swift in Sources */,
				76CCD424B2644BEE9E39A4D8 /* UsersListView.swift in Sources */,
			);
			runOnlyForDeploymentPostprocessing = 0;
		};
/* End PBXSourcesBuildPhase section */

/* Begin XCBuildConfiguration section */
		DB51FA33CD0C4FFAB730A881 /* Debug */ = {
			isa = XCBuildConfiguration;
			buildSettings = {
				ALWAYS_SEARCH_USER_PATHS = NO;
				CLANG_ANALYZER_NONNULL = YES;
				CLANG_ENABLE_MODULES = YES;
				CLANG_ENABLE_OBJC_ARC = YES;
				CLANG_WARN_DOCUMENTATION_COMMENTS = YES;
				COPY_PHASE_STRIP = NO;
				DEBUG_INFORMATION_FORMAT = dwarf;
				ENABLE_STRICT_OBJC_MSGSEND = YES;
				ENABLE_TESTABILITY = YES;
				GCC_C_LANGUAGE_STANDARD = gnu11;
				GCC_DYNAMIC_NO_PIC = NO;
				GCC_NO_COMMON_BLOCKS = YES;
				GCC_OPTIMIZATION_LEVEL = 0;
				GCC_PREPROCESSOR_DEFINITIONS = (
					"DEBUG=1",
					"$(inherited)",
				);
				IPHONEOS_DEPLOYMENT_TARGET = 16.0;
				MTL_ENABLE_DEBUG_INFO = INCLUDE_SOURCE;
				MTL_FAST_MATH = YES;
				ONLY_ACTIVE_ARCH = YES;
				SDKROOT = iphoneos;
				SWIFT_ACTIVE_COMPILATION_CONDITIONS = DEBUG;
				SWIFT_OPTIMIZATION_LEVEL = "-Onone";
				SWIFT_VERSION = 5.0;
			};
			name = Debug;
		};
		41912865B3394103BF55EA2F /* Release */ = {
			isa = XCBuildConfiguration;
			buildSettings = {
				ALWAYS_SEARCH_USER_PATHS = NO;
				CLANG_ANALYZER_NONNULL = YES;
				CLANG_ENABLE_MODULES = YES;
				CLANG_ENABLE_OBJC_ARC = YES;
				CLANG_WARN_DOCUMENTATION_COMMENTS = YES;
				COPY_PHASE_STRIP = NO;
				DEBUG_INFORMATION_FORMAT = "dwarf-with-dsym";
				ENABLE_NS_ASSERTIONS = NO;
				ENABLE_STRICT_OBJC_MSGSEND = YES;
				GCC_C_LANGUAGE_STANDARD = gnu11;
				GCC_NO_COMMON_BLOCKS = YES;
				IPHONEOS_DEPLOYMENT_TARGET = 16.0;
				MTL_ENABLE_DEBUG_INFO = NO;
				MTL_FAST_MATH = YES;
				SDKROOT = iphoneos;
				SWIFT_COMPILATION_MODE = wholemodule;
				SWIFT_OPTIMIZATION_LEVEL = "-O";
				SWIFT_VERSION = 5.0;
				VALIDATE_PRODUCT = YES;
			};
			name = Release;
		};
		9320F8D8D7ED4E49BD1CEA9C /* Debug */ = {
			isa = XCBuildConfiguration;
			buildSettings = {
				ASSETCATALOG_COMPILER_APPICON_NAME = AppIcon;
				ASSETCATALOG_COMPILER_GLOBAL_ACCENT_COLOR_NAME = AccentColor;
				CODE_SIGN_STYLE = Automatic;
				CURRENT_PROJECT_VERSION = 1;
				ENABLE_PREVIEWS = YES;
				GENERATE_INFOPLIST_FILE = NO;
				INFOPLIST_FILE = FreeClaw/Info.plist;
				INFOPLIST_KEY_UIApplicationSceneManifest_Generation = YES;
				IPHONEOS_DEPLOYMENT_TARGET = 16.0;
				LD_RUNPATH_SEARCH_PATHS = (
					"$(inherited)",
					"@executable_path/Frameworks",
				);
				MARKETING_VERSION = 1.0;
				PRODUCT_BUNDLE_IDENTIFIER = dev.eedeb.freeclaw;
				PRODUCT_NAME = "$(TARGET_NAME)";
				SWIFT_EMIT_LOC_STRINGS = YES;
				SWIFT_VERSION = 5.0;
				TARGETED_DEVICE_FAMILY = "1,2";
			};
			name = Debug;
		};
		44480AB6CEB8453188B4F326 /* Release */ = {
			isa = XCBuildConfiguration;
			buildSettings = {
				ASSETCATALOG_COMPILER_APPICON_NAME = AppIcon;
				ASSETCATALOG_COMPILER_GLOBAL_ACCENT_COLOR_NAME = AccentColor;
				CODE_SIGN_STYLE = Automatic;
				CURRENT_PROJECT_VERSION = 1;
				ENABLE_PREVIEWS = YES;
				GENERATE_INFOPLIST_FILE = NO;
				INFOPLIST_FILE = FreeClaw/Info.plist;
				INFOPLIST_KEY_UIApplicationSceneManifest_Generation = YES;
				IPHONEOS_DEPLOYMENT_TARGET = 16.0;
				LD_RUNPATH_SEARCH_PATHS = (
					"$(inherited)",
					"@executable_path/Frameworks",
				);
				MARKETING_VERSION = 1.0;
				PRODUCT_BUNDLE_IDENTIFIER = dev.eedeb.freeclaw;
				PRODUCT_NAME = "$(TARGET_NAME)";
				SWIFT_EMIT_LOC_STRINGS = YES;
				SWIFT_VERSION = 5.0;
				TARGETED_DEVICE_FAMILY = "1,2";
			};
			name = Release;
		};
/* End XCBuildConfiguration section */

/* Begin XCConfigurationList section */
		0D071603BBF74CED99467FAD /* Build configuration list for PBXProject "FreeClaw" */ = {
			isa = XCConfigurationList;
			buildConfigurations = (
				DB51FA33CD0C4FFAB730A881 /* Debug */,
				41912865B3394103BF55EA2F /* Release */,
			);
			defaultConfigurationIsVisible = 0;
			defaultConfigurationName = Release;
		};
		0DE1CDBB6B6C4A22A712C3AC /* Build configuration list for PBXNativeTarget "FreeClaw" */ = {
			isa = XCConfigurationList;
			buildConfigurations = (
				9320F8D8D7ED4E49BD1CEA9C /* Debug */,
				44480AB6CEB8453188B4F326 /* Release */,
			);
			defaultConfigurationIsVisible = 0;
			defaultConfigurationName = Release;
		};
/* End XCConfigurationList section */
	};
	rootObject = CBBD187F49C54E5B97E9542C /* Project object */;
}
